
Microsoft Visual Studio Solution File, Format Version 12.00
# Visual Studio Version 16
VisualStudioVersion = 16.0.31229.75
MinimumVisualStudioVersion = 10.0.40219.1
Project("{FAE04EC0-301F-11D3-BF4B-00C04F79EFBC}") = "SwordDamageProjectWPFEncapsulated", "SwordDamageProjectWPFEncapsulated\SwordDamageProjectWPFEncapsulated.csproj", "{43F09C13-A50B-4C56-8576-326A24E45BE7}"
EndProject
Global
	GlobalSection(SolutionConfigurationPlatforms) = preSolution
		Debug|Any CPU = Debug|Any CPU
		Release|Any CPU = Release|Any CPU
	EndGlobalSection
	GlobalSection(ProjectConfigurationPlatforms) = postSolution
		{43F09C13-A50B-4C56-8576-326A24E45BE7}.Debug|Any CPU.ActiveCfg = Debug|Any CPU
		{43F09C13-A50B-4C56-8576-326A24E45BE7}.Debug|Any CPU.Build.0 = Debug|Any CPU
		{43F09C13-A50B-4C56-8576-326A24E45BE7}.Release|Any CPU.ActiveCfg = Release|Any CPU
		{43F09C13-A50B-4C56-8576-326A24E45BE7}.Release|Any CPU.Build.0 = Release|Any CPU
	EndGlobalSection
	GlobalSection(SolutionProperties) = preSolution
		HideSolutionNode = FALSE
	EndGlobalSection
	GlobalSection(ExtensibilityGlobals) = postSolution
		SolutionGuid = {16FFB630-8C9D-4B42-8D3D-00124054EBB4}
	EndGlobalSection
EndGlobal
